
Microsoft Visual Studio Solution File, Format Version 12.00
# Visual Studio 14
VisualStudioVersion = 14.0.24720.0
MinimumVisualStudioVersion = 10.0.40219.1
Project("{FAE04EC0-301F-11D3-BF4B-00C04F79EFBC}") = "eCommerce.Contracts", "eCommerce.Contracts\eCommerce.Contracts.csproj", "{EBD7A6DA-A783-425E-B44F-06D97421A556}"
EndProject
Project("{FAE04EC0-301F-11D3-BF4B-00C04F79EFBC}") = "eCommerce.Model", "eCommerce.Model\eCommerce.Model.csproj", "{B68A71F0-5F9C-431E-B473-7003C911176D}"
EndProject
Project("{FAE04EC0-301F-11D3-BF4B-00C04F79EFBC}") = "eCommerce.DAL", "eCommerce.DAL\eCommerce.DAL.csproj", "{65D5376F-0472-4789-91E9-F415F0DE68AD}"
EndProject
Global
	GlobalSection(SolutionConfigurationPlatforms) = preSolution
		Debug|Any CPU = Debug|Any CPU
		Release|Any CPU = Release|Any CPU
	EndGlobalSection
	GlobalSection(ProjectConfigurationPlatforms) = postSolution
		{EBD7A6DA-A783-425E-B44F-06D97421A556}.Debug|Any CPU.ActiveCfg = Debug|Any CPU
		{EBD7A6DA-A783-425E-B44F-06D97421A556}.Debug|Any CPU.Build.0 = Debug|Any CPU
		{EBD7A6DA-A783-425E-B44F-06D97421A556}.Release|Any CPU.ActiveCfg = Release|Any CPU
		{EBD7A6DA-A783-425E-B44F-06D97421A556}.Release|Any CPU.Build.0 = Release|Any CPU
		{B68A71F0-5F9C-431E-B473-7003C911176D}.Debug|Any CPU.ActiveCfg = Debug|Any CPU
		{B68A71F0-5F9C-431E-B473-7003C911176D}.Debug|Any CPU.Build.0 = Debug|Any CPU
		{B68A71F0-5F9C-431E-B473-7003C911176D}.Release|Any CPU.ActiveCfg = Release|Any CPU
		{B68A71F0-5F9C-431E-B473-7003C911176D}.Release|Any CPU.Build.0 = Release|Any CPU
		{65D5376F-0472-4789-91E9-F415F0DE68AD}.Debug|Any CPU.ActiveCfg = Debug|Any CPU
		{65D5376F-0472-4789-91E9-F415F0DE68AD}.Debug|Any CPU.Build.0 = Debug|Any CPU
		{65D5376F-0472-4789-91E9-F415F0DE68AD}.Release|Any CPU.ActiveCfg = Release|Any CPU
		{65D5376F-0472-4789-91E9-F415F0DE68AD}.Release|Any CPU.Build.0 = Release|Any CPU
	EndGlobalSection
	GlobalSection(SolutionProperties) = preSolution
		HideSolutionNode = FALSE
	EndGlobalSection
EndGlobal
